// !$*UTF8*$!
{
	archiveVersion = 1;
	classes = {
	};
	objectVersion = 51;
	objects = {

/* Begin PBXBuildFile section */
		8A80122F285BE52C7B3C3588 /* Pods_virtual_tourist.framework in Frameworks */ = {isa = PBXBuildFile; fileRef = 4E8867ED2180A25A373BD78E /* Pods_virtual_tourist.framework */; };
		AC40FAAD22E36866003A2691 /* DecoratedButton.swift in Sources */ = {isa = PBXBuildFile; fileRef = AC40FAAC22E36866003A2691 /* DecoratedButton.swift */; };
		AC40FAB022E38490003A2691 /* AppTheme.swift in Sources */ = {isa = PBXBuildFile; fileRef = AC40FAAF22E38490003A2691 /* AppTheme.swift */; };
		AC40FAB222E38515003A2691 /* TextAttributes.swift in Sources */ = {isa = PBXBuildFile; fileRef = AC40FAB122E38515003A2691 /* TextAttributes.swift */; };
		AC40FAB522E4E91F003A2691 /* PopupViewState.swift in Sources */ = {isa = PBXBuildFile; fileRef = AC40FAB422E4E91F003A2691 /* PopupViewState.swift */; };
		AC40FAB722E4EE10003A2691 /* PopupProgressCollectionViewCell.swift in Sources */ = {isa = PBXBuildFile; fileRef = AC40FAB622E4EE10003A2691 /* PopupProgressCollectionViewCell.swift */; };
		AC40FAB922E4EE1F003A2691 /* PopupProgressCollectionViewCell.xib in Resources */ = {isa = PBXBuildFile; fileRef = AC40FAB822E4EE1F003A2691 /* PopupProgressCollectionViewCell.xib */; };
		AC40FABC22E4F31F003A2691 /* PopupViewDataSource.swift in Sources */ = {isa = PBXBuildFile; fileRef = AC40FABB22E4F31F003A2691 /* PopupViewDataSource.swift */; };
		AC45934522D0D6700061EBD8 /* PopupState.swift in Sources */ = {isa = PBXBuildFile; fileRef = AC45934422D0D6700061EBD8 /* PopupState.swift */; };
		AC45934722D0DACE0061EBD8 /* PopupView.swift in Sources */ = {isa = PBXBuildFile; fileRef = AC45934622D0DACE0061EBD8 /* PopupView.swift */; };
		AC45934922D0DC5E0061EBD8 /* PopupViewAnimator.swift in Sources */ = {isa = PBXBuildFile; fileRef = AC45934822D0DC5E0061EBD8 /* PopupViewAnimator.swift */; };
		AC45934D22D1D4DF0061EBD8 /* PopupCollectionViewCell.xib in Resources */ = {isa = PBXBuildFile; fileRef = AC45934C22D1D4DF0061EBD8 /* PopupCollectionViewCell.xib */; };
		AC45934F22D1D4EF0061EBD8 /* PopupCollectionViewCell.swift in Sources */ = {isa = PBXBuildFile; fileRef = AC45934E22D1D4EF0061EBD8 /* PopupCollectionViewCell.swift */; };
		AC4708CF22C0AED400147E5C /* AppDelegate.swift in Sources */ = {isa = PBXBuildFile; fileRef = AC4708CE22C0AED400147E5C /* AppDelegate.swift */; };
		AC4708D722C0AED400147E5C /* virtual_tourist.xcdatamodeld in Sources */ = {isa = PBXBuildFile; fileRef = AC4708D522C0AED400147E5C /* virtual_tourist.xcdatamodeld */; };
		AC4708D922C0AED900147E5C /* Assets.xcassets in Resources */ = {isa = PBXBuildFile; fileRef = AC4708D822C0AED900147E5C /* Assets.xcassets */; };
		AC4708DC22C0AED900147E5C /* LaunchScreen.storyboard in Resources */ = {isa = PBXBuildFile; fileRef = AC4708DA22C0AED900147E5C /* LaunchScreen.storyboard */; };
		AC4708EB22C0AF9600147E5C /* MapViewController.swift in Sources */ = {isa = PBXBuildFile; fileRef = AC4708E422C0AF9600147E5C /* MapViewController.swift */; };
		AC4708EC22C0AF9600147E5C /* MapViewController.xib in Resources */ = {isa = PBXBuildFile; fileRef = AC4708E522C0AF9600147E5C /* MapViewController.xib */; };
		AC4708ED22C0AF9600147E5C /* MapRouterFactory.swift in Sources */ = {isa = PBXBuildFile; fileRef = AC4708E622C0AF9600147E5C /* MapRouterFactory.swift */; };
		AC4708EE22C0AF9600147E5C /* MapInteractor.swift in Sources */ = {isa = PBXBuildFile; fileRef = AC4708E722C0AF9600147E5C /* MapInteractor.swift */; };
		AC4708EF22C0AF9600147E5C /* MapRouter.swift in Sources */ = {isa = PBXBuildFile; fileRef = AC4708E822C0AF9600147E5C /* MapRouter.swift */; };
		AC4708F022C0AF9600147E5C /* MapPresenter.swift in Sources */ = {isa = PBXBuildFile; fileRef = AC4708E922C0AF9600147E5C /* MapPresenter.swift */; };
		AC4708F122C0AF9600147E5C /* MapDisplayFactory.swift in Sources */ = {isa = PBXBuildFile; fileRef = AC4708EA22C0AF9600147E5C /* MapDisplayFactory.swift */; };
		AC4708F322C1628C00147E5C /* MapStyle.geojson in Resources */ = {isa = PBXBuildFile; fileRef = AC4708F222C1628C00147E5C /* MapStyle.geojson */; };
		AC54921822DB18BD003F866A /* Address.swift in Sources */ = {isa = PBXBuildFile; fileRef = AC54921722DB18BD003F866A /* Address.swift */; };
		AC54921B22DE51AD003F866A /* FlickrApiClient.swift in Sources */ = {isa = PBXBuildFile; fileRef = AC54921A22DE51AD003F866A /* FlickrApiClient.swift */; };
		AC54921F22DE5DFC003F866A /* FlickrPhoto.swift in Sources */ = {isa = PBXBuildFile; fileRef = AC54921E22DE5DFC003F866A /* FlickrPhoto.swift */; };
		AC54922522E1F10B003F866A /* SearchPhotosResponse.swift in Sources */ = {isa = PBXBuildFile; fileRef = AC54922422E1F10B003F866A /* SearchPhotosResponse.swift */; };
		AC54922722E1F161003F866A /* SearchPhotosFailedResponse.swift in Sources */ = {isa = PBXBuildFile; fileRef = AC54922622E1F161003F866A /* SearchPhotosFailedResponse.swift */; };
		AC96AAD922EE0EB400474020 /* LocationDataModel.xcdatamodeld in Sources */ = {isa = PBXBuildFile; fileRef = AC96AAD722EE0EB400474020 /* LocationDataModel.xcdatamodeld */; };
		AC96AADB22EE14C000474020 /* DataController.swift in Sources */ = {isa = PBXBuildFile; fileRef = AC96AADA22EE14C000474020 /* DataController.swift */; };
		AC96AADE22EE16D000474020 /* Dependencies.swift in Sources */ = {isa = PBXBuildFile; fileRef = AC96AADD22EE16D000474020 /* Dependencies.swift */; };
		AC96AAE122EF72A500474020 /* Pin+Extension.swift in Sources */ = {isa = PBXBuildFile; fileRef = AC96AAE022EF72A500474020 /* Pin+Extension.swift */; };
		AC96AAE422F205A100474020 /* LocationPersistenceManager.swift in Sources */ = {isa = PBXBuildFile; fileRef = AC96AAE322F205A100474020 /* LocationPersistenceManager.swift */; };
		AC96AAE822F344D600474020 /* Location.swift in Sources */ = {isa = PBXBuildFile; fileRef = AC96AAE722F344D600474020 /* Location.swift */; };
		AC96AAEB22F3452600474020 /* Coordinate.swift in Sources */ = {isa = PBXBuildFile; fileRef = AC96AAEA22F3452600474020 /* Coordinate.swift */; };
		AC96AAED22F4A8A400474020 /* Geocoder.swift in Sources */ = {isa = PBXBuildFile; fileRef = AC96AAEC22F4A8A400474020 /* Geocoder.swift */; };
		AC96AAEF22F4C81B00474020 /* RoundButton.swift in Sources */ = {isa = PBXBuildFile; fileRef = AC96AAEE22F4C81B00474020 /* RoundButton.swift */; };
		AC96AAF122F5982100474020 /* MarkerManager.swift in Sources */ = {isa = PBXBuildFile; fileRef = AC96AAF022F5982100474020 /* MarkerManager.swift */; };
		AC96AAF522F59DDF00474020 /* MapOverlayManager.swift in Sources */ = {isa = PBXBuildFile; fileRef = AC96AAF422F59DDF00474020 /* MapOverlayManager.swift */; };
		AC96AAF822F5B0BB00474020 /* AnimationCoordinator.swift in Sources */ = {isa = PBXBuildFile; fileRef = AC96AAF722F5B0BB00474020 /* AnimationCoordinator.swift */; };
		ACDA9E6622EC620800DC77CA /* Button.swift in Sources */ = {isa = PBXBuildFile; fileRef = ACDA9E6522EC620800DC77CA /* Button.swift */; };
/* End PBXBuildFile section */

/* Begin PBXFileReference section */
		4E8867ED2180A25A373BD78E /* Pods_virtual_tourist.framework */ = {isa = PBXFileReference; explicitFileType = wrapper.framework; includeInIndex = 0; path = Pods_virtual_tourist.framework; sourceTree = BUILT_PRODUCTS_DIR; };
		AC40FAAC22E36866003A2691 /* DecoratedButton.swift */ = {isa = PBXFileReference; lastKnownFileType = sourcecode.swift; path = DecoratedButton.swift; sourceTree = "<group>"; };
		AC40FAAF22E38490003A2691 /* AppTheme.swift */ = {isa = PBXFileReference; lastKnownFileType = sourcecode.swift; path = AppTheme.swift; sourceTree = "<group>"; };
		AC40FAB122E38515003A2691 /* TextAttributes.swift */ = {isa = PBXFileReference; lastKnownFileType = sourcecode.swift; path = TextAttributes.swift; sourceTree = "<group>"; };
		AC40FAB422E4E91F003A2691 /* PopupViewState.swift */ = {isa = PBXFileReference; lastKnownFileType = sourcecode.swift; path = PopupViewState.swift; sourceTree = "<group>"; };
		AC40FAB622E4EE10003A2691 /* PopupProgressCollectionViewCell.swift */ = {isa = PBXFileReference; lastKnownFileType = sourcecode.swift; path = PopupProgressCollectionViewCell.swift; sourceTree = "<group>"; };
		AC40FAB822E4EE1F003A2691 /* PopupProgressCollectionViewCell.xib */ = {isa = PBXFileReference; lastKnownFileType = file.xib; path = PopupProgressCollectionViewCell.xib; sourceTree = "<group>"; };
		AC40FABB22E4F31F003A2691 /* PopupViewDataSource.swift */ = {isa = PBXFileReference; lastKnownFileType = sourcecode.swift; path = PopupViewDataSource.swift; sourceTree = "<group>"; };
		AC45934422D0D6700061EBD8 /* PopupState.swift */ = {isa = PBXFileReference; lastKnownFileType = sourcecode.swift; path = PopupState.swift; sourceTree = "<group>"; };
		AC45934622D0DACE0061EBD8 /* PopupView.swift */ = {isa = PBXFileReference; lastKnownFileType = sourcecode.swift; path = PopupView.swift; sourceTree = "<group>"; };
		AC45934822D0DC5E0061EBD8 /* PopupViewAnimator.swift */ = {isa = PBXFileReference; lastKnownFileType = sourcecode.swift; path = PopupViewAnimator.swift; sourceTree = "<group>"; };
		AC45934C22D1D4DF0061EBD8 /* PopupCollectionViewCell.xib */ = {isa = PBXFileReference; lastKnownFileType = file.xib; path = PopupCollectionViewCell.xib; sourceTree = "<group>"; };
		AC45934E22D1D4EF0061EBD8 /* PopupCollectionViewCell.swift */ = {isa = PBXFileReference; lastKnownFileType = sourcecode.swift; path = PopupCollectionViewCell.swift; sourceTree = "<group>"; };
		AC4708CB22C0AED400147E5C /* virtual-tourist.app */ = {isa = PBXFileReference; explicitFileType = wrapper.application; includeInIndex = 0; path = "virtual-tourist.app"; sourceTree = BUILT_PRODUCTS_DIR; };
		AC4708CE22C0AED400147E5C /* AppDelegate.swift */ = {isa = PBXFileReference; lastKnownFileType = sourcecode.swift; path = AppDelegate.swift; sourceTree = "<group>"; };
		AC4708D622C0AED400147E5C /* virtual_tourist.xcdatamodel */ = {isa = PBXFileReference; lastKnownFileType = wrapper.xcdatamodel; path = virtual_tourist.xcdatamodel; sourceTree = "<group>"; };
		AC4708D822C0AED900147E5C /* Assets.xcassets */ = {isa = PBXFileReference; lastKnownFileType = folder.assetcatalog; path = Assets.xcassets; sourceTree = "<group>"; };
		AC4708DB22C0AED900147E5C /* Base */ = {isa = PBXFileReference; lastKnownFileType = file.storyboard; name = Base; path = Base.lproj/LaunchScreen.storyboard; sourceTree = "<group>"; };
		AC4708DD22C0AED900147E5C /* Info.plist */ = {isa = PBXFileReference; lastKnownFileType = text.plist.xml; path = Info.plist; sourceTree = "<group>"; };
		AC4708E422C0AF9600147E5C /* MapViewController.swift */ = {isa = PBXFileReference; lastKnownFileType = sourcecode.swift; path = MapViewController.swift; sourceTree = "<group>"; };
		AC4708E522C0AF9600147E5C /* MapViewController.xib */ = {isa = PBXFileReference; lastKnownFileType = file.xib; path = MapViewController.xib; sourceTree = "<group>"; };
		AC4708E622C0AF9600147E5C /* MapRouterFactory.swift */ = {isa = PBXFileReference; lastKnownFileType = sourcecode.swift; path = MapRouterFactory.swift; sourceTree = "<group>"; };
		AC4708E722C0AF9600147E5C /* MapInteractor.swift */ = {isa = PBXFileReference; lastKnownFileType = sourcecode.swift; path = MapInteractor.swift; sourceTree = "<group>"; };
		AC4708E822C0AF9600147E5C /* MapRouter.swift */ = {isa = PBXFileReference; lastKnownFileType = sourcecode.swift; path = MapRouter.swift; sourceTree = "<group>"; };
		AC4708E922C0AF9600147E5C /* MapPresenter.swift */ = {isa = PBXFileReference; lastKnownFileType = sourcecode.swift; path = MapPresenter.swift; sourceTree = "<group>"; };
		AC4708EA22C0AF9600147E5C /* MapDisplayFactory.swift */ = {isa = PBXFileReference; lastKnownFileType = sourcecode.swift; path = MapDisplayFactory.swift; sourceTree = "<group>"; };
		AC4708F222C1628C00147E5C /* MapStyle.geojson */ = {isa = PBXFileReference; lastKnownFileType = text; path = MapStyle.geojson; sourceTree = "<group>"; };
		AC54921722DB18BD003F866A /* Address.swift */ = {isa = PBXFileReference; lastKnownFileType = sourcecode.swift; path = Address.swift; sourceTree = "<group>"; };
		AC54921A22DE51AD003F866A /* FlickrApiClient.swift */ = {isa = PBXFileReference; lastKnownFileType = sourcecode.swift; path = FlickrApiClient.swift; sourceTree = "<group>"; };
		AC54921E22DE5DFC003F866A /* FlickrPhoto.swift */ = {isa = PBXFileReference; lastKnownFileType = sourcecode.swift; path = FlickrPhoto.swift; sourceTree = "<group>"; };
		AC54922422E1F10B003F866A /* SearchPhotosResponse.swift */ = {isa = PBXFileReference; lastKnownFileType = sourcecode.swift; path = SearchPhotosResponse.swift; sourceTree = "<group>"; };
		AC54922622E1F161003F866A /* SearchPhotosFailedResponse.swift */ = {isa = PBXFileReference; lastKnownFileType = sourcecode.swift; path = SearchPhotosFailedResponse.swift; sourceTree = "<group>"; };
		AC96AAD822EE0EB400474020 /* LocationDataModel.xcdatamodel */ = {isa = PBXFileReference; lastKnownFileType = wrapper.xcdatamodel; path = LocationDataModel.xcdatamodel; sourceTree = "<group>"; };
		AC96AADA22EE14C000474020 /* DataController.swift */ = {isa = PBXFileReference; lastKnownFileType = sourcecode.swift; path = DataController.swift; sourceTree = "<group>"; };
		AC96AADD22EE16D000474020 /* Dependencies.swift */ = {isa = PBXFileReference; lastKnownFileType = sourcecode.swift; path = Dependencies.swift; sourceTree = "<group>"; };
		AC96AAE022EF72A500474020 /* Pin+Extension.swift */ = {isa = PBXFileReference; lastKnownFileType = sourcecode.swift; path = "Pin+Extension.swift"; sourceTree = "<group>"; };
		AC96AAE322F205A100474020 /* LocationPersistenceManager.swift */ = {isa = PBXFileReference; lastKnownFileType = sourcecode.swift; path = LocationPersistenceManager.swift; sourceTree = "<group>"; };
		AC96AAE722F344D600474020 /* Location.swift */ = {isa = PBXFileReference; lastKnownFileType = sourcecode.swift; path = Location.swift; sourceTree = "<group>"; };
		AC96AAEA22F3452600474020 /* Coordinate.swift */ = {isa = PBXFileReference; lastKnownFileType = sourcecode.swift; path = Coordinate.swift; sourceTree = "<group>"; };
		AC96AAEC22F4A8A400474020 /* Geocoder.swift */ = {isa = PBXFileReference; lastKnownFileType = sourcecode.swift; path = Geocoder.swift; sourceTree = "<group>"; };
		AC96AAEE22F4C81B00474020 /* RoundButton.swift */ = {isa = PBXFileReference; lastKnownFileType = sourcecode.swift; path = RoundButton.swift; sourceTree = "<group>"; };
		AC96AAF022F5982100474020 /* MarkerManager.swift */ = {isa = PBXFileReference; lastKnownFileType = sourcecode.swift; path = MarkerManager.swift; sourceTree = "<group>"; };
		AC96AAF422F59DDF00474020 /* MapOverlayManager.swift */ = {isa = PBXFileReference; lastKnownFileType = sourcecode.swift; path = MapOverlayManager.swift; sourceTree = "<group>"; };
		AC96AAF722F5B0BB00474020 /* AnimationCoordinator.swift */ = {isa = PBXFileReference; lastKnownFileType = sourcecode.swift; path = AnimationCoordinator.swift; sourceTree = "<group>"; };
		ACDA9E6522EC620800DC77CA /* Button.swift */ = {isa = PBXFileReference; lastKnownFileType = sourcecode.swift; path = Button.swift; sourceTree = "<group>"; };
		AE2C9A74DD9E3BA62C08DFF7 /* Pods-virtual-tourist.release.xcconfig */ = {isa = PBXFileReference; includeInIndex = 1; lastKnownFileType = text.xcconfig; name = "Pods-virtual-tourist.release.xcconfig"; path = "Target Support Files/Pods-virtual-tourist/Pods-virtual-tourist.release.xcconfig"; sourceTree = "<group>"; };
		CC840F13B824F53FBCC42A76 /* Pods-virtual-tourist.debug.xcconfig */ = {isa = PBXFileReference; includeInIndex = 1; lastKnownFileType = text.xcconfig; name = "Pods-virtual-tourist.debug.xcconfig"; path = "Target Support Files/Pods-virtual-tourist/Pods-virtual-tourist.debug.xcconfig"; sourceTree = "<group>"; };
/* End PBXFileReference section */

/* Begin PBXFrameworksBuildPhase section */
		AC4708C822C0AED400147E5C /* Frameworks */ = {
			isa = PBXFrameworksBuildPhase;
			buildActionMask = 2147483647;
			files = (
				8A80122F285BE52C7B3C3588 /* Pods_virtual_tourist.framework in Frameworks */,
			);
			runOnlyForDeploymentPostprocessing = 0;
		};
/* End PBXFrameworksBuildPhase section */

/* Begin PBXGroup section */
		AC40FAAB22E36856003A2691 /* Components */ = {
			isa = PBXGroup;
			children = (
				AC40FAAC22E36866003A2691 /* DecoratedButton.swift */,
				ACDA9E6522EC620800DC77CA /* Button.swift */,
				AC96AAEE22F4C81B00474020 /* RoundButton.swift */,
			);
			path = Components;
			sourceTree = "<group>";
		};
		AC40FAAE22E3847B003A2691 /* Theme */ = {
			isa = PBXGroup;
			children = (
				AC40FAAF22E38490003A2691 /* AppTheme.swift */,
				AC40FAB122E38515003A2691 /* TextAttributes.swift */,
			);
			path = Theme;
			sourceTree = "<group>";
		};
		AC40FAB322E4E90D003A2691 /* View State */ = {
			isa = PBXGroup;
			children = (
				AC40FAB422E4E91F003A2691 /* PopupViewState.swift */,
			);
			path = "View State";
			sourceTree = "<group>";
		};
		AC40FABA22E4F2CF003A2691 /* Data Source */ = {
			isa = PBXGroup;
			children = (
				AC40FABB22E4F31F003A2691 /* PopupViewDataSource.swift */,
			);
			path = "Data Source";
			sourceTree = "<group>";
		};
		AC45934222D0D6170061EBD8 /* Popup Animator */ = {
			isa = PBXGroup;
			children = (
				AC45934322D0D65F0061EBD8 /* State */,
				AC45934822D0DC5E0061EBD8 /* PopupViewAnimator.swift */,
			);
			path = "Popup Animator";
			sourceTree = "<group>";
		};
		AC45934322D0D65F0061EBD8 /* State */ = {
			isa = PBXGroup;
			children = (
				AC45934422D0D6700061EBD8 /* PopupState.swift */,
			);
			path = State;
			sourceTree = "<group>";
		};
		AC45934A22D1D43E0061EBD8 /* Popup View */ = {
			isa = PBXGroup;
			children = (
				AC40FABA22E4F2CF003A2691 /* Data Source */,
				AC40FAB322E4E90D003A2691 /* View State */,
				AC45934B22D1D4B50061EBD8 /* Cell */,
				AC45934622D0DACE0061EBD8 /* PopupView.swift */,
			);
			path = "Popup View";
			sourceTree = "<group>";
		};
		AC45934B22D1D4B50061EBD8 /* Cell */ = {
			isa = PBXGroup;
			children = (
				AC45934C22D1D4DF0061EBD8 /* PopupCollectionViewCell.xib */,
				AC45934E22D1D4EF0061EBD8 /* PopupCollectionViewCell.swift */,
				AC40FAB822E4EE1F003A2691 /* PopupProgressCollectionViewCell.xib */,
				AC40FAB622E4EE10003A2691 /* PopupProgressCollectionViewCell.swift */,
			);
			path = Cell;
			sourceTree = "<group>";
		};
		AC4708C222C0AED400147E5C = {
			isa = PBXGroup;
			children = (
				AC4708CD22C0AED400147E5C /* virtual-tourist */,
				AC4708CC22C0AED400147E5C /* Products */,
				B17BC0678BC3256D666F14CB /* Pods */,
				E877FC2E07833E8B52EBC116 /* Frameworks */,
			);
			sourceTree = "<group>";
		};
		AC4708CC22C0AED400147E5C /* Products */ = {
			isa = PBXGroup;
			children = (
				AC4708CB22C0AED400147E5C /* virtual-tourist.app */,
			);
			name = Products;
			sourceTree = "<group>";
		};
		AC4708CD22C0AED400147E5C /* virtual-tourist */ = {
			isa = PBXGroup;
			children = (
				AC96AADC22EE16BC00474020 /* Dependencies */,
				AC96AAD622EE0DCD00474020 /* Model */,
				AC40FAAE22E3847B003A2691 /* Theme */,
				AC40FAAB22E36856003A2691 /* Components */,
				AC54921922DE5180003F866A /* FlickrApi */,
				AC45934A22D1D43E0061EBD8 /* Popup View */,
				AC45934222D0D6170061EBD8 /* Popup Animator */,
				AC4708E322C0AF7000147E5C /* Map */,
				AC4708CE22C0AED400147E5C /* AppDelegate.swift */,
				AC4708D822C0AED900147E5C /* Assets.xcassets */,
				AC4708DA22C0AED900147E5C /* LaunchScreen.storyboard */,
				AC4708DD22C0AED900147E5C /* Info.plist */,
				AC4708D522C0AED400147E5C /* virtual_tourist.xcdatamodeld */,
			);
			path = "virtual-tourist";
			sourceTree = "<group>";
		};
		AC4708E322C0AF7000147E5C /* Map */ = {
			isa = PBXGroup;
			children = (
				AC96AAF622F5B0AA00474020 /* Animation */,
				AC96AAF322F59DCB00474020 /* Overlay */,
				AC96AAF222F598F300474020 /* Markers */,
				AC96AAE922F344DF00474020 /* Types */,
				AC96AAE222F2055A00474020 /* Workers */,
				AC4708E422C0AF9600147E5C /* MapViewController.swift */,
				AC4708E522C0AF9600147E5C /* MapViewController.xib */,
				AC4708E622C0AF9600147E5C /* MapRouterFactory.swift */,
				AC4708E722C0AF9600147E5C /* MapInteractor.swift */,
				AC4708E822C0AF9600147E5C /* MapRouter.swift */,
				AC4708E922C0AF9600147E5C /* MapPresenter.swift */,
				AC4708EA22C0AF9600147E5C /* MapDisplayFactory.swift */,
				AC4708F222C1628C00147E5C /* MapStyle.geojson */,
			);
			path = Map;
			sourceTree = "<group>";
		};
		AC54921922DE5180003F866A /* FlickrApi */ = {
			isa = PBXGroup;
			children = (
				AC54921D22DE51BF003F866A /* Responses */,
				AC54921E22DE5DFC003F866A /* FlickrPhoto.swift */,
				AC54921A22DE51AD003F866A /* FlickrApiClient.swift */,
			);
			path = FlickrApi;
			sourceTree = "<group>";
		};
		AC54921D22DE51BF003F866A /* Responses */ = {
			isa = PBXGroup;
			children = (
				AC54922422E1F10B003F866A /* SearchPhotosResponse.swift */,
				AC54922622E1F161003F866A /* SearchPhotosFailedResponse.swift */,
			);
			path = Responses;
			sourceTree = "<group>";
		};
		AC96AAD622EE0DCD00474020 /* Model */ = {
			isa = PBXGroup;
			children = (
				AC96AADF22EF727400474020 /* Extensions */,
				AC96AAD722EE0EB400474020 /* LocationDataModel.xcdatamodeld */,
				AC96AADA22EE14C000474020 /* DataController.swift */,
			);
			path = Model;
			sourceTree = "<group>";
		};
		AC96AADC22EE16BC00474020 /* Dependencies */ = {
			isa = PBXGroup;
			children = (
				AC96AADD22EE16D000474020 /* Dependencies.swift */,
			);
			path = Dependencies;
			sourceTree = "<group>";
		};
		AC96AADF22EF727400474020 /* Extensions */ = {
			isa = PBXGroup;
			children = (
				AC96AAE022EF72A500474020 /* Pin+Extension.swift */,
			);
			path = Extensions;
			sourceTree = "<group>";
		};
		AC96AAE222F2055A00474020 /* Workers */ = {
			isa = PBXGroup;
			children = (
				AC96AAE322F205A100474020 /* LocationPersistenceManager.swift */,
				AC96AAEC22F4A8A400474020 /* Geocoder.swift */,
			);
			path = Workers;
			sourceTree = "<group>";
		};
		AC96AAE922F344DF00474020 /* Types */ = {
			isa = PBXGroup;
			children = (
				AC54921722DB18BD003F866A /* Address.swift */,
				AC96AAE722F344D600474020 /* Location.swift */,
				AC96AAEA22F3452600474020 /* Coordinate.swift */,
			);
			path = Types;
			sourceTree = "<group>";
		};
		AC96AAF222F598F300474020 /* Markers */ = {
			isa = PBXGroup;
			children = (
				AC96AAF022F5982100474020 /* MarkerManager.swift */,
			);
			path = Markers;
			sourceTree = "<group>";
		};
		AC96AAF322F59DCB00474020 /* Overlay */ = {
			isa = PBXGroup;
			children = (
				AC96AAF422F59DDF00474020 /* MapOverlayManager.swift */,
			);
			path = Overlay;
			sourceTree = "<group>";
		};
		AC96AAF622F5B0AA00474020 /* Animation */ = {
			isa = PBXGroup;
			children = (
				AC96AAF722F5B0BB00474020 /* AnimationCoordinator.swift */,
			);
			path = Animation;
			sourceTree = "<group>";
		};
		B17BC0678BC3256D666F14CB /* Pods */ = {
			isa = PBXGroup;
			children = (
				CC840F13B824F53FBCC42A76 /* Pods-virtual-tourist.debug.xcconfig */,
				AE2C9A74DD9E3BA62C08DFF7 /* Pods-virtual-tourist.release.xcconfig */,
			);
			path = Pods;
			sourceTree = "<group>";
		};
		E877FC2E07833E8B52EBC116 /* Frameworks */ = {
			isa = PBXGroup;
			children = (
				4E8867ED2180A25A373BD78E /* Pods_virtual_tourist.framework */,
			);
			name = Frameworks;
			sourceTree = "<group>";
		};
/* End PBXGroup section */

/* Begin PBXNativeTarget section */
		AC4708CA22C0AED400147E5C /* virtual-tourist */ = {
			isa = PBXNativeTarget;
			buildConfigurationList = AC4708E022C0AED900147E5C /* Build configuration list for PBXNativeTarget "virtual-tourist" */;
			buildPhases = (
				4431CC5E135702DBBCA33D4F /* [CP] Check Pods Manifest.lock */,
				AC4708C722C0AED400147E5C /* Sources */,
				AC4708C822C0AED400147E5C /* Frameworks */,
				AC4708C922C0AED400147E5C /* Resources */,
				967F194EC71088D0FAB06FD8 /* [CP] Copy Pods Resources */,
				02FC60836FAA8790D1916D58 /* [CP] Embed Pods Frameworks */,
			);
			buildRules = (
			);
			dependencies = (
			);
			name = "virtual-tourist";
			productName = "virtual-tourist";
			productReference = AC4708CB22C0AED400147E5C /* virtual-tourist.app */;
			productType = "com.apple.product-type.application";
		};
/* End PBXNativeTarget section */

/* Begin PBXProject section */
		AC4708C322C0AED400147E5C /* Project object */ = {
			isa = PBXProject;
			attributes = {
				LastSwiftUpdateCheck = 1020;
				LastUpgradeCheck = 1020;
				ORGANIZATIONNAME = Udacity;
				TargetAttributes = {
					AC4708CA22C0AED400147E5C = {
						CreatedOnToolsVersion = 10.2.1;
					};
				};
			};
			buildConfigurationList = AC4708C622C0AED400147E5C /* Build configuration list for PBXProject "virtual-tourist" */;
			compatibilityVersion = "Xcode 9.3";
			developmentRegion = en;
			hasScannedForEncodings = 0;
			knownRegions = (
				en,
				Base,
			);
			mainGroup = AC4708C222C0AED400147E5C;
			productRefGroup = AC4708CC22C0AED400147E5C /* Products */;
			projectDirPath = "";
			projectRoot = "";
			targets = (
				AC4708CA22C0AED400147E5C /* virtual-tourist */,
			);
		};
/* End PBXProject section */

/* Begin PBXResourcesBuildPhase section */
		AC4708C922C0AED400147E5C /* Resources */ = {
			isa = PBXResourcesBuildPhase;
			buildActionMask = 2147483647;
			files = (
				AC40FAB922E4EE1F003A2691 /* PopupProgressCollectionViewCell.xib in Resources */,
				AC4708DC22C0AED900147E5C /* LaunchScreen.storyboard in Resources */,
				AC4708EC22C0AF9600147E5C /* MapViewController.xib in Resources */,
				AC4708F322C1628C00147E5C /* MapStyle.geojson in Resources */,
				AC45934D22D1D4DF0061EBD8 /* PopupCollectionViewCell.xib in Resources */,
				AC4708D922C0AED900147E5C /* Assets.xcassets in Resources */,
			);
			runOnlyForDeploymentPostprocessing = 0;
		};
/* End PBXResourcesBuildPhase section */

/* Begin PBXShellScriptBuildPhase section */
		02FC60836FAA8790D1916D58 /* [CP] Embed Pods Frameworks */ = {
			isa = PBXShellScriptBuildPhase;
			buildActionMask = 2147483647;
			files = (
			);
			inputFileListPaths = (
				"${PODS_ROOT}/Target Support Files/Pods-virtual-tourist/Pods-virtual-tourist-frameworks-${CONFIGURATION}-input-files.xcfilelist",
			);
			name = "[CP] Embed Pods Frameworks";
			outputFileListPaths = (
				"${PODS_ROOT}/Target Support Files/Pods-virtual-tourist/Pods-virtual-tourist-frameworks-${CONFIGURATION}-output-files.xcfilelist",
			);
			runOnlyForDeploymentPostprocessing = 0;
			shellPath = /bin/sh;
			shellScript = "\"${PODS_ROOT}/Target Support Files/Pods-virtual-tourist/Pods-virtual-tourist-frameworks.sh\"\n";
			showEnvVarsInLog = 0;
		};
		4431CC5E135702DBBCA33D4F /* [CP] Check Pods Manifest.lock */ = {
			isa = PBXShellScriptBuildPhase;
			buildActionMask = 2147483647;
			files = (
			);
			inputFileListPaths = (
			);
			inputPaths = (
				"${PODS_PODFILE_DIR_PATH}/Podfile.lock",
				"${PODS_ROOT}/Manifest.lock",
			);
			name = "[CP] Check Pods Manifest.lock";
			outputFileListPaths = (
			);
			outputPaths = (
				"$(DERIVED_FILE_DIR)/Pods-virtual-tourist-checkManifestLockResult.txt",
			);
			runOnlyForDeploymentPostprocessing = 0;
			shellPath = /bin/sh;
			shellScript = "diff \"${PODS_PODFILE_DIR_PATH}/Podfile.lock\" \"${PODS_ROOT}/Manifest.lock\" > /dev/null\nif [ $? != 0 ] ; then\n    # print error to STDERR\n    echo \"error: The sandbox is not in sync with the Podfile.lock. Run 'pod install' or update your CocoaPods installation.\" >&2\n    exit 1\nfi\n# This output is used by Xcode 'outputs' to avoid re-running this script phase.\necho \"SUCCESS\" > \"${SCRIPT_OUTPUT_FILE_0}\"\n";
			showEnvVarsInLog = 0;
		};
		967F194EC71088D0FAB06FD8 /* [CP] Copy Pods Resources */ = {
			isa = PBXShellScriptBuildPhase;
			buildActionMask = 2147483647;
			files = (
			);
			inputFileListPaths = (
				"${PODS_ROOT}/Target Support Files/Pods-virtual-tourist/Pods-virtual-tourist-resources-${CONFIGURATION}-input-files.xcfilelist",
			);
			name = "[CP] Copy Pods Resources";
			outputFileListPaths = (
				"${PODS_ROOT}/Target Support Files/Pods-virtual-tourist/Pods-virtual-tourist-resources-${CONFIGURATION}-output-files.xcfilelist",
			);
			runOnlyForDeploymentPostprocessing = 0;
			shellPath = /bin/sh;
			shellScript = "\"${PODS_ROOT}/Target Support Files/Pods-virtual-tourist/Pods-virtual-tourist-resources.sh\"\n";
			showEnvVarsInLog = 0;
		};
/* End PBXShellScriptBuildPhase section */

/* Begin PBXSourcesBuildPhase section */
		AC4708C722C0AED400147E5C /* Sources */ = {
			isa = PBXSourcesBuildPhase;
			buildActionMask = 2147483647;
			files = (
				AC96AAF522F59DDF00474020 /* MapOverlayManager.swift in Sources */,
				AC45934522D0D6700061EBD8 /* PopupState.swift in Sources */,
				AC4708ED22C0AF9600147E5C /* MapRouterFactory.swift in Sources */,
				AC96AAEB22F3452600474020 /* Coordinate.swift in Sources */,
				AC40FAB022E38490003A2691 /* AppTheme.swift in Sources */,
				AC40FAB522E4E91F003A2691 /* PopupViewState.swift in Sources */,
				AC54921822DB18BD003F866A /* Address.swift in Sources */,
				AC4708F022C0AF9600147E5C /* MapPresenter.swift in Sources */,
				AC45934722D0DACE0061EBD8 /* PopupView.swift in Sources */,
				AC54921F22DE5DFC003F866A /* FlickrPhoto.swift in Sources */,
				AC4708CF22C0AED400147E5C /* AppDelegate.swift in Sources */,
				AC96AAE422F205A100474020 /* LocationPersistenceManager.swift in Sources */,
				AC40FAAD22E36866003A2691 /* DecoratedButton.swift in Sources */,
				AC40FAB722E4EE10003A2691 /* PopupProgressCollectionViewCell.swift in Sources */,
				AC96AADB22EE14C000474020 /* DataController.swift in Sources */,
				AC54922522E1F10B003F866A /* SearchPhotosResponse.swift in Sources */,
				AC96AAEF22F4C81B00474020 /* RoundButton.swift in Sources */,
				AC96AAF822F5B0BB00474020 /* AnimationCoordinator.swift in Sources */,
				AC4708EB22C0AF9600147E5C /* MapViewController.swift in Sources */,
				AC96AAD922EE0EB400474020 /* LocationDataModel.xcdatamodeld in Sources */,
				AC96AAED22F4A8A400474020 /* Geocoder.swift in Sources */,
				AC40FAB222E38515003A2691 /* TextAttributes.swift in Sources */,
				AC45934F22D1D4EF0061EBD8 /* PopupCollectionViewCell.swift in Sources */,
				AC96AAE122EF72A500474020 /* Pin+Extension.swift in Sources */,
				AC4708EE22C0AF9600147E5C /* MapInteractor.swift in Sources */,
				AC45934922D0DC5E0061EBD8 /* PopupViewAnimator.swift in Sources */,
				AC4708D722C0AED400147E5C /* virtual_tourist.xcdatamodeld in Sources */,
				AC96AAF122F5982100474020 /* MarkerManager.swift in Sources */,
				AC96AAE822F344D600474020 /* Location.swift in Sources */,
				AC4708F122C0AF9600147E5C /* MapDisplayFactory.swift in Sources */,
				AC96AADE22EE16D000474020 /* Dependencies.swift in Sources */,
				ACDA9E6622EC620800DC77CA /* Button.swift in Sources */,
				AC40FABC22E4F31F003A2691 /* PopupViewDataSource.swift in Sources */,
				AC54921B22DE51AD003F866A /* FlickrApiClient.swift in Sources */,
				AC54922722E1F161003F866A /* SearchPhotosFailedResponse.swift in Sources */,
				AC4708EF22C0AF9600147E5C /* MapRouter.swift in Sources */,
			);
			runOnlyForDeploymentPostprocessing = 0;
		};
/* End PBXSourcesBuildPhase section */

/* Begin PBXVariantGroup section */
		AC4708DA22C0AED900147E5C /* LaunchScreen.storyboard */ = {
			isa = PBXVariantGroup;
			children = (
				AC4708DB22C0AED900147E5C /* Base */,
			);
			name = LaunchScreen.storyboard;
			sourceTree = "<group>";
		};
/* End PBXVariantGroup section */

/* Begin XCBuildConfiguration section */
		AC4708DE22C0AED900147E5C /* Debug */ = {
			isa = XCBuildConfiguration;
			buildSettings = {
				ALWAYS_SEARCH_USER_PATHS = NO;
				CLANG_ANALYZER_NONNULL = YES;
				CLANG_ANALYZER_NUMBER_OBJECT_CONVERSION = YES_AGGRESSIVE;
				CLANG_CXX_LANGUAGE_STANDARD = "gnu++14";
				CLANG_CXX_LIBRARY = "libc++";
				CLANG_ENABLE_MODULES = YES;
				CLANG_ENABLE_OBJC_ARC = YES;
				CLANG_ENABLE_OBJC_WEAK = YES;
				CLANG_WARN_BLOCK_CAPTURE_AUTORELEASING = YES;
				CLANG_WARN_BOOL_CONVERSION = YES;
				CLANG_WARN_COMMA = YES;
				CLANG_WARN_CONSTANT_CONVERSION = YES;
				CLANG_WARN_DEPRECATED_OBJC_IMPLEMENTATIONS = YES;
				CLANG_WARN_DIRECT_OBJC_ISA_USAGE = YES_ERROR;
				CLANG_WARN_DOCUMENTATION_COMMENTS = YES;
				CLANG_WARN_EMPTY_BODY = YES;
				CLANG_WARN_ENUM_CONVERSION = YES;
				CLANG_WARN_INFINITE_RECURSION = YES;
				CLANG_WARN_INT_CONVERSION = YES;
				CLANG_WARN_NON_LITERAL_NULL_CONVERSION = YES;
				CLANG_WARN_OBJC_IMPLICIT_RETAIN_SELF = YES;
				CLANG_WARN_OBJC_LITERAL_CONVERSION = YES;
				CLANG_WARN_OBJC_ROOT_CLASS = YES_ERROR;
				CLANG_WARN_RANGE_LOOP_ANALYSIS = YES;
				CLANG_WARN_STRICT_PROTOTYPES = YES;
				CLANG_WARN_SUSPICIOUS_MOVE = YES;
				CLANG_WARN_UNGUARDED_AVAILABILITY = YES_AGGRESSIVE;
				CLANG_WARN_UNREACHABLE_CODE = YES;
				CLANG_WARN__DUPLICATE_METHOD_MATCH = YES;
				CODE_SIGN_IDENTITY = "iPhone Developer";
				COPY_PHASE_STRIP = NO;
				DEBUG_INFORMATION_FORMAT = dwarf;
				ENABLE_STRICT_OBJC_MSGSEND = YES;
				ENABLE_TESTABILITY = YES;
				GCC_C_LANGUAGE_STANDARD = gnu11;
				GCC_DYNAMIC_NO_PIC = NO;
				GCC_NO_COMMON_BLOCKS = YES;
				GCC_OPTIMIZATION_LEVEL = 0;
				GCC_PREPROCESSOR_DEFINITIONS = (
					"DEBUG=1",
					"$(inherited)",
				);
				GCC_WARN_64_TO_32_BIT_CONVERSION = YES;
				GCC_WARN_ABOUT_RETURN_TYPE = YES_ERROR;
				GCC_WARN_UNDECLARED_SELECTOR = YES;
				GCC_WARN_UNINITIALIZED_AUTOS = YES_AGGRESSIVE;
				GCC_WARN_UNUSED_FUNCTION = YES;
				GCC_WARN_UNUSED_VARIABLE = YES;
				IPHONEOS_DEPLOYMENT_TARGET = 12.2;
				MTL_ENABLE_DEBUG_INFO = INCLUDE_SOURCE;
				MTL_FAST_MATH = YES;
				ONLY_ACTIVE_ARCH = YES;
				SDKROOT = iphoneos;
				SWIFT_ACTIVE_COMPILATION_CONDITIONS = DEBUG;
				SWIFT_OPTIMIZATION_LEVEL = "-Onone";
			};
			name = Debug;
		};
		AC4708DF22C0AED900147E5C /* Release */ = {
			isa = XCBuildConfiguration;
			buildSettings = {
				ALWAYS_SEARCH_USER_PATHS = NO;
				CLANG_ANALYZER_NONNULL = YES;
				CLANG_ANALYZER_NUMBER_OBJECT_CONVERSION = YES_AGGRESSIVE;
				CLANG_CXX_LANGUAGE_STANDARD = "gnu++14";
				CLANG_CXX_LIBRARY = "libc++";
				CLANG_ENABLE_MODULES = YES;
				CLANG_ENABLE_OBJC_ARC = YES;
				CLANG_ENABLE_OBJC_WEAK = YES;
				CLANG_WARN_BLOCK_CAPTURE_AUTORELEASING = YES;
				CLANG_WARN_BOOL_CONVERSION = YES;
				CLANG_WARN_COMMA = YES;
				CLANG_WARN_CONSTANT_CONVERSION = YES;
				CLANG_WARN_DEPRECATED_OBJC_IMPLEMENTATIONS = YES;
				CLANG_WARN_DIRECT_OBJC_ISA_USAGE = YES_ERROR;
				CLANG_WARN_DOCUMENTATION_COMMENTS = YES;
				CLANG_WARN_EMPTY_BODY = YES;
				CLANG_WARN_ENUM_CONVERSION = YES;
				CLANG_WARN_INFINITE_RECURSION = YES;
				CLANG_WARN_INT_CONVERSION = YES;
				CLANG_WARN_NON_LITERAL_NULL_CONVERSION = YES;
				CLANG_WARN_OBJC_IMPLICIT_RETAIN_SELF = YES;
				CLANG_WARN_OBJC_LITERAL_CONVERSION = YES;
				CLANG_WARN_OBJC_ROOT_CLASS = YES_ERROR;
				CLANG_WARN_RANGE_LOOP_ANALYSIS = YES;
				CLANG_WARN_STRICT_PROTOTYPES = YES;
				CLANG_WARN_SUSPICIOUS_MOVE = YES;
				CLANG_WARN_UNGUARDED_AVAILABILITY = YES_AGGRESSIVE;
				CLANG_WARN_UNREACHABLE_CODE = YES;
				CLANG_WARN__DUPLICATE_METHOD_MATCH = YES;
				CODE_SIGN_IDENTITY = "iPhone Developer";
				COPY_PHASE_STRIP = NO;
				DEBUG_INFORMATION_FORMAT = "dwarf-with-dsym";
				ENABLE_NS_ASSERTIONS = NO;
				ENABLE_STRICT_OBJC_MSGSEND = YES;
				GCC_C_LANGUAGE_STANDARD = gnu11;
				GCC_NO_COMMON_BLOCKS = YES;
				GCC_WARN_64_TO_32_BIT_CONVERSION = YES;
				GCC_WARN_ABOUT_RETURN_TYPE = YES_ERROR;
				GCC_WARN_UNDECLARED_SELECTOR = YES;
				GCC_WARN_UNINITIALIZED_AUTOS = YES_AGGRESSIVE;
				GCC_WARN_UNUSED_FUNCTION = YES;
				GCC_WARN_UNUSED_VARIABLE = YES;
				IPHONEOS_DEPLOYMENT_TARGET = 12.2;
				MTL_ENABLE_DEBUG_INFO = NO;
				MTL_FAST_MATH = YES;
				SDKROOT = iphoneos;
				SWIFT_COMPILATION_MODE = wholemodule;
				SWIFT_OPTIMIZATION_LEVEL = "-O";
				VALIDATE_PRODUCT = YES;
			};
			name = Release;
		};
		AC4708E122C0AED900147E5C /* Debug */ = {
			isa = XCBuildConfiguration;
			baseConfigurationReference = CC840F13B824F53FBCC42A76 /* Pods-virtual-tourist.debug.xcconfig */;
			buildSettings = {
				ASSETCATALOG_COMPILER_APPICON_NAME = AppIcon;
				CODE_SIGN_STYLE = Automatic;
				DEVELOPMENT_TEAM = R7K5GU674A;
				INFOPLIST_FILE = "virtual-tourist/Info.plist";
				LD_RUNPATH_SEARCH_PATHS = (
					"$(inherited)",
					"@executable_path/Frameworks",
				);
				PRODUCT_BUNDLE_IDENTIFIER = "com.ios.virtual-tourist";
				PRODUCT_NAME = "$(TARGET_NAME)";
				SWIFT_VERSION = 5.0;
				TARGETED_DEVICE_FAMILY = "1,2";
			};
			name = Debug;
		};
		AC4708E222C0AED900147E5C /* Release */ = {
			isa = XCBuildConfiguration;
			baseConfigurationReference = AE2C9A74DD9E3BA62C08DFF7 /* Pods-virtual-tourist.release.xcconfig */;
			buildSettings = {
				ASSETCATALOG_COMPILER_APPICON_NAME = AppIcon;
				CODE_SIGN_STYLE = Automatic;
				DEVELOPMENT_TEAM = R7K5GU674A;
				INFOPLIST_FILE = "virtual-tourist/Info.plist";
				LD_RUNPATH_SEARCH_PATHS = (
					"$(inherited)",
					"@executable_path/Frameworks",
				);
				PRODUCT_BUNDLE_IDENTIFIER = "com.ios.virtual-tourist";
				PRODUCT_NAME = "$(TARGET_NAME)";
				SWIFT_VERSION = 5.0;
				TARGETED_DEVICE_FAMILY = "1,2";
			};
			name = Release;
		};
/* End XCBuildConfiguration section */

/* Begin XCConfigurationList section */
		AC4708C622C0AED400147E5C /* Build configuration list for PBXProject "virtual-tourist" */ = {
			isa = XCConfigurationList;
			buildConfigurations = (
				AC4708DE22C0AED900147E5C /* Debug */,
				AC4708DF22C0AED900147E5C /* Release */,
			);
			defaultConfigurationIsVisible = 0;
			defaultConfigurationName = Release;
		};
		AC4708E022C0AED900147E5C /* Build configuration list for PBXNativeTarget "virtual-tourist" */ = {
			isa = XCConfigurationList;
			buildConfigurations = (
				AC4708E122C0AED900147E5C /* Debug */,
				AC4708E222C0AED900147E5C /* Release */,
			);
			defaultConfigurationIsVisible = 0;
			defaultConfigurationName = Release;
		};
/* End XCConfigurationList section */

/* Begin XCVersionGroup section */
		AC4708D522C0AED400147E5C /* virtual_tourist.xcdatamodeld */ = {
			isa = XCVersionGroup;
			children = (
				AC4708D622C0AED400147E5C /* virtual_tourist.xcdatamodel */,
			);
			currentVersion = AC4708D622C0AED400147E5C /* virtual_tourist.xcdatamodel */;
			path = virtual_tourist.xcdatamodeld;
			sourceTree = "<group>";
			versionGroupType = wrapper.xcdatamodel;
		};
		AC96AAD722EE0EB400474020 /* LocationDataModel.xcdatamodeld */ = {
			isa = XCVersionGroup;
			children = (
				AC96AAD822EE0EB400474020 /* LocationDataModel.xcdatamodel */,
			);
			currentVersion = AC96AAD822EE0EB400474020 /* LocationDataModel.xcdatamodel */;
			path = LocationDataModel.xcdatamodeld;
			sourceTree = "<group>";
			versionGroupType = wrapper.xcdatamodel;
		};
/* End XCVersionGroup section */
	};
	rootObject = AC4708C322C0AED400147E5C /* Project object */;
}
